// !$*UTF8*$!
{
	archiveVersion = 1;
	classes = {
	};
	objectVersion = 46;
	objects = {

/* Begin PBXAggregateTarget section */
		"Hamilton::HamiltonPackageTests::ProductTarget" /* HamiltonPackageTests */ = {
			isa = PBXAggregateTarget;
			buildConfigurationList = OBJ_39 /* Build configuration list for PBXAggregateTarget "HamiltonPackageTests" */;
			buildPhases = (
			);
			dependencies = (
				OBJ_42 /* PBXTargetDependency */,
			);
			name = HamiltonPackageTests;
			productName = HamiltonPackageTests;
		};
/* End PBXAggregateTarget section */

/* Begin PBXBuildFile section */
		BA57C83D1FFC413D009AE032 /* Scalar.swift in Sources */ = {isa = PBXBuildFile; fileRef = BA57C8331FFC413D009AE032 /* Scalar.swift */; };
		BA57C83E1FFC413D009AE032 /* Quaternion.swift in Sources */ = {isa = PBXBuildFile; fileRef = BA57C8341FFC413D009AE032 /* Quaternion.swift */; };
		BA57C83F1FFC413D009AE032 /* EulerAngles.swift in Sources */ = {isa = PBXBuildFile; fileRef = BA57C8351FFC413D009AE032 /* EulerAngles.swift */; };
		BA57C8401FFC413D009AE032 /* Rotateable.swift in Sources */ = {isa = PBXBuildFile; fileRef = BA57C8361FFC413D009AE032 /* Rotateable.swift */; };
		BA57C8411FFC413D009AE032 /* Vectorable.swift in Sources */ = {isa = PBXBuildFile; fileRef = BA57C8371FFC413D009AE032 /* Vectorable.swift */; };
		BA57C8421FFC413D009AE032 /* AngleConvertible.swift in Sources */ = {isa = PBXBuildFile; fileRef = BA57C8381FFC413D009AE032 /* AngleConvertible.swift */; };
		BA57C8431FFC413D009AE032 /* Vector2.swift in Sources */ = {isa = PBXBuildFile; fileRef = BA57C83A1FFC413D009AE032 /* Vector2.swift */; };
		BA57C8441FFC413D009AE032 /* Vector4.swift in Sources */ = {isa = PBXBuildFile; fileRef = BA57C83B1FFC413D009AE032 /* Vector4.swift */; };
		BA57C8451FFC413D009AE032 /* Vector3.swift in Sources */ = {isa = PBXBuildFile; fileRef = BA57C83C1FFC413D009AE032 /* Vector3.swift */; };
		BA57C84C1FFC414E009AE032 /* Vector3Arithmatic.swift in Sources */ = {isa = PBXBuildFile; fileRef = BA57C8461FFC414D009AE032 /* Vector3Arithmatic.swift */; };
		BA57C84D1FFC414E009AE032 /* Helpers.swift in Sources */ = {isa = PBXBuildFile; fileRef = BA57C8471FFC414E009AE032 /* Helpers.swift */; };
		BA57C84E1FFC414E009AE032 /* Angles.swift in Sources */ = {isa = PBXBuildFile; fileRef = BA57C8481FFC414E009AE032 /* Angles.swift */; };
		BA57C84F1FFC414E009AE032 /* Vector2Arithmatic.swift in Sources */ = {isa = PBXBuildFile; fileRef = BA57C8491FFC414E009AE032 /* Vector2Arithmatic.swift */; };
		BA57C8501FFC414E009AE032 /* QuaternionInitializers.swift in Sources */ = {isa = PBXBuildFile; fileRef = BA57C84A1FFC414E009AE032 /* QuaternionInitializers.swift */; };
		BA57C8511FFC414E009AE032 /* QuaternionMultiplication.swift in Sources */ = {isa = PBXBuildFile; fileRef = BA57C84B1FFC414E009AE032 /* QuaternionMultiplication.swift */; };
		BA5B111B200B2B9D0061DFDF /* EulerAnglesSystemConversionTests.swift in Sources */ = {isa = PBXBuildFile; fileRef = BA5B111A200B2B9D0061DFDF /* EulerAnglesSystemConversionTests.swift */; };
		BA5B111E200B3E110061DFDF /* EulerAngles+Equatable.swift in Sources */ = {isa = PBXBuildFile; fileRef = BA5B111D200B3E110061DFDF /* EulerAngles+Equatable.swift */; };
		BA5B1120200B3E600061DFDF /* EulerAngles+Operators.swift in Sources */ = {isa = PBXBuildFile; fileRef = BA5B111F200B3E600061DFDF /* EulerAngles+Operators.swift */; };
		BAEC5C2A1FFE11DD007F7014 /* VectorableFormatter.swift in Sources */ = {isa = PBXBuildFile; fileRef = BAEC5C291FFE11DD007F7014 /* VectorableFormatter.swift */; };
		OBJ_21 /* Package.swift in Sources */ = {isa = PBXBuildFile; fileRef = OBJ_6 /* Package.swift */; };
		OBJ_27 /* HamiltonTests.swift in Sources */ = {isa = PBXBuildFile; fileRef = OBJ_12 /* HamiltonTests.swift */; };
		OBJ_29 /* Hamilton.framework in Frameworks */ = {isa = PBXBuildFile; fileRef = "Hamilton::Hamilton::Product" /* Hamilton.framework */; };
/* End PBXBuildFile section */

/* Begin PBXContainerItemProxy section */
		BA57C8311FFC4055009AE032 /* PBXContainerItemProxy */ = {
			isa = PBXContainerItemProxy;
			containerPortal = OBJ_1 /* Project object */;
			proxyType = 1;
			remoteGlobalIDString = "Hamilton::Hamilton";
			remoteInfo = Hamilton;
		};
		BA57C8321FFC4055009AE032 /* PBXContainerItemProxy */ = {
			isa = PBXContainerItemProxy;
			containerPortal = OBJ_1 /* Project object */;
			proxyType = 1;
			remoteGlobalIDString = "Hamilton::HamiltonTests";
			remoteInfo = HamiltonTests;
		};
/* End PBXContainerItemProxy section */

/* Begin PBXFileReference section */
		BA57C8331FFC413D009AE032 /* Scalar.swift */ = {isa = PBXFileReference; fileEncoding = 4; lastKnownFileType = sourcecode.swift; path = Scalar.swift; sourceTree = "<group>"; };
		BA57C8341FFC413D009AE032 /* Quaternion.swift */ = {isa = PBXFileReference; fileEncoding = 4; lastKnownFileType = sourcecode.swift; path = Quaternion.swift; sourceTree = "<group>"; };
		BA57C8351FFC413D009AE032 /* EulerAngles.swift */ = {isa = PBXFileReference; fileEncoding = 4; lastKnownFileType = sourcecode.swift; path = EulerAngles.swift; sourceTree = "<group>"; };
		BA57C8361FFC413D009AE032 /* Rotateable.swift */ = {isa = PBXFileReference; fileEncoding = 4; lastKnownFileType = sourcecode.swift; path = Rotateable.swift; sourceTree = "<group>"; };
		BA57C8371FFC413D009AE032 /* Vectorable.swift */ = {isa = PBXFileReference; fileEncoding = 4; lastKnownFileType = sourcecode.swift; path = Vectorable.swift; sourceTree = "<group>"; };
		BA57C8381FFC413D009AE032 /* AngleConvertible.swift */ = {isa = PBXFileReference; fileEncoding = 4; lastKnownFileType = sourcecode.swift; path = AngleConvertible.swift; sourceTree = "<group>"; };
		BA57C83A1FFC413D009AE032 /* Vector2.swift */ = {isa = PBXFileReference; fileEncoding = 4; lastKnownFileType = sourcecode.swift; path = Vector2.swift; sourceTree = "<group>"; };
		BA57C83B1FFC413D009AE032 /* Vector4.swift */ = {isa = PBXFileReference; fileEncoding = 4; lastKnownFileType = sourcecode.swift; path = Vector4.swift; sourceTree = "<group>"; };
		BA57C83C1FFC413D009AE032 /* Vector3.swift */ = {isa = PBXFileReference; fileEncoding = 4; lastKnownFileType = sourcecode.swift; path = Vector3.swift; sourceTree = "<group>"; };
		BA57C8461FFC414D009AE032 /* Vector3Arithmatic.swift */ = {isa = PBXFileReference; fileEncoding = 4; lastKnownFileType = sourcecode.swift; path = Vector3Arithmatic.swift; sourceTree = "<group>"; };
		BA57C8471FFC414E009AE032 /* Helpers.swift */ = {isa = PBXFileReference; fileEncoding = 4; lastKnownFileType = sourcecode.swift; path = Helpers.swift; sourceTree = "<group>"; };
		BA57C8481FFC414E009AE032 /* Angles.swift */ = {isa = PBXFileReference; fileEncoding = 4; lastKnownFileType = sourcecode.swift; path = Angles.swift; sourceTree = "<group>"; };
		BA57C8491FFC414E009AE032 /* Vector2Arithmatic.swift */ = {isa = PBXFileReference; fileEncoding = 4; lastKnownFileType = sourcecode.swift; path = Vector2Arithmatic.swift; sourceTree = "<group>"; };
		BA57C84A1FFC414E009AE032 /* QuaternionInitializers.swift */ = {isa = PBXFileReference; fileEncoding = 4; lastKnownFileType = sourcecode.swift; path = QuaternionInitializers.swift; sourceTree = "<group>"; };
		BA57C84B1FFC414E009AE032 /* QuaternionMultiplication.swift */ = {isa = PBXFileReference; fileEncoding = 4; lastKnownFileType = sourcecode.swift; path = QuaternionMultiplication.swift; sourceTree = "<group>"; };
		BA57C8521FFC43FD009AE032 /* Hamilton.podspec */ = {isa = PBXFileReference; fileEncoding = 4; lastKnownFileType = text; path = Hamilton.podspec; sourceTree = "<group>"; xcLanguageSpecificationIdentifier = xcode.lang.ruby; };
		BA5B111A200B2B9D0061DFDF /* EulerAnglesSystemConversionTests.swift */ = {isa = PBXFileReference; lastKnownFileType = sourcecode.swift; path = EulerAnglesSystemConversionTests.swift; sourceTree = "<group>"; };
		BA5B111D200B3E110061DFDF /* EulerAngles+Equatable.swift */ = {isa = PBXFileReference; lastKnownFileType = sourcecode.swift; path = "EulerAngles+Equatable.swift"; sourceTree = "<group>"; };
		BA5B111F200B3E600061DFDF /* EulerAngles+Operators.swift */ = {isa = PBXFileReference; lastKnownFileType = sourcecode.swift; path = "EulerAngles+Operators.swift"; sourceTree = "<group>"; };
		BAEC5C291FFE11DD007F7014 /* VectorableFormatter.swift */ = {isa = PBXFileReference; lastKnownFileType = sourcecode.swift; path = VectorableFormatter.swift; sourceTree = "<group>"; };
		"Hamilton::Hamilton::Product" /* Hamilton.framework */ = {isa = PBXFileReference; explicitFileType = wrapper.framework; path = Hamilton.framework; sourceTree = BUILT_PRODUCTS_DIR; };
		"Hamilton::HamiltonTests::Product" /* HamiltonTests.xctest */ = {isa = PBXFileReference; lastKnownFileType = file; path = HamiltonTests.xctest; sourceTree = BUILT_PRODUCTS_DIR; };
		OBJ_12 /* HamiltonTests.swift */ = {isa = PBXFileReference; lastKnownFileType = sourcecode.swift; path = HamiltonTests.swift; sourceTree = "<group>"; };
		OBJ_6 /* Package.swift */ = {isa = PBXFileReference; explicitFileType = sourcecode.swift; path = Package.swift; sourceTree = "<group>"; };
/* End PBXFileReference section */

/* Begin PBXFrameworksBuildPhase section */
		OBJ_28 /* Frameworks */ = {
			isa = PBXFrameworksBuildPhase;
			buildActionMask = 0;
			files = (
				OBJ_29 /* Hamilton.framework in Frameworks */,
			);
			runOnlyForDeploymentPostprocessing = 0;
		};
		OBJ_37 /* Frameworks */ = {
			isa = PBXFrameworksBuildPhase;
			buildActionMask = 0;
			files = (
			);
			runOnlyForDeploymentPostprocessing = 0;
		};
/* End PBXFrameworksBuildPhase section */

/* Begin PBXGroup section */
		BA57C8391FFC413D009AE032 /* Vectors */ = {
			isa = PBXGroup;
			children = (
				BA57C83A1FFC413D009AE032 /* Vector2.swift */,
				BA57C83B1FFC413D009AE032 /* Vector4.swift */,
				BA57C83C1FFC413D009AE032 /* Vector3.swift */,
			);
			path = Vectors;
			sourceTree = "<group>";
		};
		BA5B111C200B3DC50061DFDF /* EulerAngles */ = {
			isa = PBXGroup;
			children = (
				BA57C8351FFC413D009AE032 /* EulerAngles.swift */,
				BA5B111D200B3E110061DFDF /* EulerAngles+Equatable.swift */,
				BA5B111F200B3E600061DFDF /* EulerAngles+Operators.swift */,
			);
			name = EulerAngles;
			path = Sources/Hamilton/EulerAngles;
			sourceTree = SOURCE_ROOT;
		};
		OBJ_10 /* Tests */ = {
			isa = PBXGroup;
			children = (
				OBJ_11 /* HamiltonTests */,
			);
			name = Tests;
			sourceTree = SOURCE_ROOT;
		};
		OBJ_11 /* HamiltonTests */ = {
			isa = PBXGroup;
			children = (
				BA57C8481FFC414E009AE032 /* Angles.swift */,
				BA57C8471FFC414E009AE032 /* Helpers.swift */,
				BA57C84A1FFC414E009AE032 /* QuaternionInitializers.swift */,
				BA57C84B1FFC414E009AE032 /* QuaternionMultiplication.swift */,
				BA57C8491FFC414E009AE032 /* Vector2Arithmatic.swift */,
				BA57C8461FFC414D009AE032 /* Vector3Arithmatic.swift */,
				OBJ_12 /* HamiltonTests.swift */,
				BA5B111A200B2B9D0061DFDF /* EulerAnglesSystemConversionTests.swift */,
			);
			name = HamiltonTests;
			path = Tests/HamiltonTests;
			sourceTree = SOURCE_ROOT;
		};
		OBJ_13 /* Products */ = {
			isa = PBXGroup;
			children = (
				"Hamilton::HamiltonTests::Product" /* HamiltonTests.xctest */,
				"Hamilton::Hamilton::Product" /* Hamilton.framework */,
			);
			name = Products;
			sourceTree = BUILT_PRODUCTS_DIR;
		};
		OBJ_5 = {
			isa = PBXGroup;
			children = (
				BA57C8521FFC43FD009AE032 /* Hamilton.podspec */,
				OBJ_6 /* Package.swift */,
				OBJ_7 /* Sources */,
				OBJ_10 /* Tests */,
				OBJ_13 /* Products */,
			);
			sourceTree = "<group>";
		};
		OBJ_7 /* Sources */ = {
			isa = PBXGroup;
			children = (
				OBJ_8 /* Hamilton */,
			);
			name = Sources;
			sourceTree = SOURCE_ROOT;
		};
		OBJ_8 /* Hamilton */ = {
			isa = PBXGroup;
			children = (
				BA5B111C200B3DC50061DFDF /* EulerAngles */,
				BA57C8381FFC413D009AE032 /* AngleConvertible.swift */,
				BA57C8341FFC413D009AE032 /* Quaternion.swift */,
				BA57C8361FFC413D009AE032 /* Rotateable.swift */,
				BA57C8331FFC413D009AE032 /* Scalar.swift */,
				BA57C8371FFC413D009AE032 /* Vectorable.swift */,
				BAEC5C291FFE11DD007F7014 /* VectorableFormatter.swift */,
				BA57C8391FFC413D009AE032 /* Vectors */,
			);
			name = Hamilton;
			path = Sources/Hamilton;
			sourceTree = SOURCE_ROOT;
		};
/* End PBXGroup section */

/* Begin PBXNativeTarget section */
		"Hamilton::Hamilton" /* Hamilton */ = {
			isa = PBXNativeTarget;
			buildConfigurationList = OBJ_32 /* Build configuration list for PBXNativeTarget "Hamilton" */;
			buildPhases = (
				OBJ_35 /* Sources */,
				OBJ_37 /* Frameworks */,
			);
			buildRules = (
			);
			dependencies = (
			);
			name = Hamilton;
			productName = Hamilton;
			productReference = "Hamilton::Hamilton::Product" /* Hamilton.framework */;
			productType = "com.apple.product-type.framework";
		};
		"Hamilton::HamiltonTests" /* HamiltonTests */ = {
			isa = PBXNativeTarget;
			buildConfigurationList = OBJ_23 /* Build configuration list for PBXNativeTarget "HamiltonTests" */;
			buildPhases = (
				OBJ_26 /* Sources */,
				OBJ_28 /* Frameworks */,
			);
			buildRules = (
			);
			dependencies = (
				OBJ_30 /* PBXTargetDependency */,
			);
			name = HamiltonTests;
			productName = HamiltonTests;
			productReference = "Hamilton::HamiltonTests::Product" /* HamiltonTests.xctest */;
			productType = "com.apple.product-type.bundle.unit-test";
		};
		"Hamilton::SwiftPMPackageDescription" /* HamiltonPackageDescription */ = {
			isa = PBXNativeTarget;
			buildConfigurationList = OBJ_17 /* Build configuration list for PBXNativeTarget "HamiltonPackageDescription" */;
			buildPhases = (
				OBJ_20 /* Sources */,
			);
			buildRules = (
			);
			dependencies = (
			);
			name = HamiltonPackageDescription;
			productName = HamiltonPackageDescription;
			productType = "com.apple.product-type.framework";
		};
/* End PBXNativeTarget section */

/* Begin PBXProject section */
		OBJ_1 /* Project object */ = {
			isa = PBXProject;
			attributes = {
				LastUpgradeCheck = 9999;
			};
			buildConfigurationList = OBJ_2 /* Build configuration list for PBXProject "Hamilton" */;
			compatibilityVersion = "Xcode 3.2";
			developmentRegion = English;
			hasScannedForEncodings = 0;
			knownRegions = (
				en,
			);
			mainGroup = OBJ_5;
			productRefGroup = OBJ_13 /* Products */;
			projectDirPath = "";
			projectRoot = "";
			targets = (
				"Hamilton::SwiftPMPackageDescription" /* HamiltonPackageDescription */,
				"Hamilton::HamiltonTests" /* HamiltonTests */,
				"Hamilton::Hamilton" /* Hamilton */,
				"Hamilton::HamiltonPackageTests::ProductTarget" /* HamiltonPackageTests */,
			);
		};
/* End PBXProject section */

/* Begin PBXSourcesBuildPhase section */
		OBJ_20 /* Sources */ = {
			isa = PBXSourcesBuildPhase;
			buildActionMask = 0;
			files = (
				OBJ_21 /* Package.swift in Sources */,
			);
			runOnlyForDeploymentPostprocessing = 0;
		};
		OBJ_26 /* Sources */ = {
			isa = PBXSourcesBuildPhase;
			buildActionMask = 0;
			files = (
				BA57C8501FFC414E009AE032 /* QuaternionInitializers.swift in Sources */,
				BA57C84C1FFC414E009AE032 /* Vector3Arithmatic.swift in Sources */,
				BA57C8511FFC414E009AE032 /* QuaternionMultiplication.swift in Sources */,
				BA57C84E1FFC414E009AE032 /* Angles.swift in Sources */,
				BA57C84D1FFC414E009AE032 /* Helpers.swift in Sources */,
				BA57C84F1FFC414E009AE032 /* Vector2Arithmatic.swift in Sources */,
				BA5B111B200B2B9D0061DFDF /* EulerAnglesSystemConversionTests.swift in Sources */,
				OBJ_27 /* HamiltonTests.swift in Sources */,
			);
			runOnlyForDeploymentPostprocessing = 0;
		};
		OBJ_35 /* Sources */ = {
			isa = PBXSourcesBuildPhase;
			buildActionMask = 0;
			files = (
				BA57C8411FFC413D009AE032 /* Vectorable.swift in Sources */,
				BA57C83E1FFC413D009AE032 /* Quaternion.swift in Sources */,
				BA57C83D1FFC413D009AE032 /* Scalar.swift in Sources */,
				BA5B1120200B3E600061DFDF /* EulerAngles+Operators.swift in Sources */,
				BAEC5C2A1FFE11DD007F7014 /* VectorableFormatter.swift in Sources */,
				BA57C83F1FFC413D009AE032 /* EulerAngles.swift in Sources */,
				BA57C8431FFC413D009AE032 /* Vector2.swift in Sources */,
				BA5B111E200B3E110061DFDF /* EulerAngles+Equatable.swift in Sources */,
				BA57C8421FFC413D009AE032 /* AngleConvertible.swift in Sources */,
				BA57C8441FFC413D009AE032 /* Vector4.swift in Sources */,
				BA57C8451FFC413D009AE032 /* Vector3.swift in Sources */,
				BA57C8401FFC413D009AE032 /* Rotateable.swift in Sources */,
			);
			runOnlyForDeploymentPostprocessing = 0;
		};
/* End PBXSourcesBuildPhase section */

/* Begin PBXTargetDependency section */
		OBJ_30 /* PBXTargetDependency */ = {
			isa = PBXTargetDependency;
			target = "Hamilton::Hamilton" /* Hamilton */;
			targetProxy = BA57C8311FFC4055009AE032 /* PBXContainerItemProxy */;
		};
		OBJ_42 /* PBXTargetDependency */ = {
			isa = PBXTargetDependency;
			target = "Hamilton::HamiltonTests" /* HamiltonTests */;
			targetProxy = BA57C8321FFC4055009AE032 /* PBXContainerItemProxy */;
		};
/* End PBXTargetDependency section */

/* Begin XCBuildConfiguration section */
		OBJ_18 /* Debug */ = {
			isa = XCBuildConfiguration;
			buildSettings = {
				LD = /usr/bin/true;
				OTHER_SWIFT_FLAGS = "-swift-version 4 -I /Applications/Xcode.app/Contents/Developer/Toolchains/XcodeDefault.xctoolchain/usr/lib/swift/pm/4 -target x86_64-apple-macosx10.10 -sdk /Applications/Xcode.app/Contents/Developer/Platforms/MacOSX.platform/Developer/SDKs/MacOSX10.13.sdk";
				SWIFT_VERSION = 4.0;
			};
			name = Debug;
		};
		OBJ_19 /* Release */ = {
			isa = XCBuildConfiguration;
			buildSettings = {
				LD = /usr/bin/true;
				OTHER_SWIFT_FLAGS = "-swift-version 4 -I /Applications/Xcode.app/Contents/Developer/Toolchains/XcodeDefault.xctoolchain/usr/lib/swift/pm/4 -target x86_64-apple-macosx10.10 -sdk /Applications/Xcode.app/Contents/Developer/Platforms/MacOSX.platform/Developer/SDKs/MacOSX10.13.sdk";
				SWIFT_VERSION = 4.0;
			};
			name = Release;
		};
		OBJ_24 /* Debug */ = {
			isa = XCBuildConfiguration;
			buildSettings = {
				EMBEDDED_CONTENT_CONTAINS_SWIFT = YES;
				FRAMEWORK_SEARCH_PATHS = (
					"$(inherited)",
					"$(PLATFORM_DIR)/Developer/Library/Frameworks",
				);
				HEADER_SEARCH_PATHS = "$(inherited)";
				INFOPLIST_FILE = Hamilton.xcodeproj/HamiltonTests_Info.plist;
				LD_RUNPATH_SEARCH_PATHS = "@loader_path/../Frameworks @loader_path/Frameworks";
				OTHER_LDFLAGS = "$(inherited)";
				OTHER_SWIFT_FLAGS = "$(inherited)";
				SWIFT_VERSION = 4.0;
				TARGET_NAME = HamiltonTests;
			};
			name = Debug;
		};
		OBJ_25 /* Release */ = {
			isa = XCBuildConfiguration;
			buildSettings = {
				EMBEDDED_CONTENT_CONTAINS_SWIFT = YES;
				FRAMEWORK_SEARCH_PATHS = (
					"$(inherited)",
					"$(PLATFORM_DIR)/Developer/Library/Frameworks",
				);
				HEADER_SEARCH_PATHS = "$(inherited)";
				INFOPLIST_FILE = Hamilton.xcodeproj/HamiltonTests_Info.plist;
				LD_RUNPATH_SEARCH_PATHS = "@loader_path/../Frameworks @loader_path/Frameworks";
				OTHER_LDFLAGS = "$(inherited)";
				OTHER_SWIFT_FLAGS = "$(inherited)";
				SWIFT_VERSION = 4.0;
				TARGET_NAME = HamiltonTests;
			};
			name = Release;
		};
		OBJ_3 /* Debug */ = {
			isa = XCBuildConfiguration;
			buildSettings = {
				CLANG_ENABLE_OBJC_ARC = YES;
				COMBINE_HIDPI_IMAGES = YES;
				COPY_PHASE_STRIP = NO;
				DEBUG_INFORMATION_FORMAT = dwarf;
				DYLIB_INSTALL_NAME_BASE = "@rpath";
				ENABLE_NS_ASSERTIONS = YES;
				GCC_OPTIMIZATION_LEVEL = 0;
				MACOSX_DEPLOYMENT_TARGET = 10.10;
				ONLY_ACTIVE_ARCH = YES;
				OTHER_SWIFT_FLAGS = "-DXcode";
				PRODUCT_NAME = "$(TARGET_NAME)";
				SDKROOT = macosx;
				SUPPORTED_PLATFORMS = "macosx iphoneos iphonesimulator appletvos appletvsimulator watchos watchsimulator";
				SWIFT_ACTIVE_COMPILATION_CONDITIONS = SWIFT_PACKAGE;
				SWIFT_OPTIMIZATION_LEVEL = "-Onone";
				USE_HEADERMAP = NO;
			};
			name = Debug;
		};
		OBJ_33 /* Debug */ = {
			isa = XCBuildConfiguration;
			buildSettings = {
				ENABLE_TESTABILITY = YES;
				FRAMEWORK_SEARCH_PATHS = (
					"$(inherited)",
					"$(PLATFORM_DIR)/Developer/Library/Frameworks",
				);
				HEADER_SEARCH_PATHS = "$(inherited)";
				INFOPLIST_FILE = Hamilton.xcodeproj/Hamilton_Info.plist;
				LD_RUNPATH_SEARCH_PATHS = "$(TOOLCHAIN_DIR)/usr/lib/swift/macosx";
				OTHER_LDFLAGS = "$(inherited)";
				OTHER_SWIFT_FLAGS = "$(inherited)";
				PRODUCT_BUNDLE_IDENTIFIER = Hamilton;
				PRODUCT_MODULE_NAME = "$(TARGET_NAME:c99extidentifier)";
				PRODUCT_NAME = "$(TARGET_NAME:c99extidentifier)";
				SKIP_INSTALL = YES;
				SWIFT_VERSION = 4.0;
				TARGET_NAME = Hamilton;
			};
			name = Debug;
		};
		OBJ_34 /* Release */ = {
			isa = XCBuildConfiguration;
			buildSettings = {
				ENABLE_TESTABILITY = YES;
				FRAMEWORK_SEARCH_PATHS = (
					"$(inherited)",
					"$(PLATFORM_DIR)/Developer/Library/Frameworks",
				);
				HEADER_SEARCH_PATHS = "$(inherited)";
				INFOPLIST_FILE = Hamilton.xcodeproj/Hamilton_Info.plist;
				LD_RUNPATH_SEARCH_PATHS = "$(TOOLCHAIN_DIR)/usr/lib/swift/macosx";
				OTHER_LDFLAGS = "$(inherited)";
				OTHER_SWIFT_FLAGS = "$(inherited)";
				PRODUCT_BUNDLE_IDENTIFIER = Hamilton;
				PRODUCT_MODULE_NAME = "$(TARGET_NAME:c99extidentifier)";
				PRODUCT_NAME = "$(TARGET_NAME:c99extidentifier)";
				SKIP_INSTALL = YES;
				SWIFT_VERSION = 4.0;
				TARGET_NAME = Hamilton;
			};
			name = Release;
		};
		OBJ_4 /* Release */ = {
			isa = XCBuildConfiguration;
			buildSettings = {
				CLANG_ENABLE_OBJC_ARC = YES;
				COMBINE_HIDPI_IMAGES = YES;
				COPY_PHASE_STRIP = YES;
				DEBUG_INFORMATION_FORMAT = "dwarf-with-dsym";
				DYLIB_INSTALL_NAME_BASE = "@rpath";
				GCC_OPTIMIZATION_LEVEL = s;
				MACOSX_DEPLOYMENT_TARGET = 10.10;
				OTHER_SWIFT_FLAGS = "-DXcode";
				PRODUCT_NAME = "$(TARGET_NAME)";
				SDKROOT = macosx;
				SUPPORTED_PLATFORMS = "macosx iphoneos iphonesimulator appletvos appletvsimulator watchos watchsimulator";
				SWIFT_ACTIVE_COMPILATION_CONDITIONS = SWIFT_PACKAGE;
				SWIFT_OPTIMIZATION_LEVEL = "-Owholemodule";
				USE_HEADERMAP = NO;
			};
			name = Release;
		};
		OBJ_40 /* Debug */ = {
			isa = XCBuildConfiguration;
			buildSettings = {
			};
			name = Debug;
		};
		OBJ_41 /* Release */ = {
			isa = XCBuildConfiguration;
			buildSettings = {
			};
			name = Release;
		};
/* End XCBuildConfiguration section */

/* Begin XCConfigurationList section */
		OBJ_17 /* Build configuration list for PBXNativeTarget "HamiltonPackageDescription" */ = {
			isa = XCConfigurationList;
			buildConfigurations = (
				OBJ_18 /* Debug */,
				OBJ_19 /* Release */,
			);
			defaultConfigurationIsVisible = 0;
			defaultConfigurationName = Debug;
		};
		OBJ_2 /* Build configuration list for PBXProject "Hamilton" */ = {
			isa = XCConfigurationList;
			buildConfigurations = (
				OBJ_3 /* Debug */,
				OBJ_4 /* Release */,
			);
			defaultConfigurationIsVisible = 0;
			defaultConfigurationName = Debug;
		};
		OBJ_23 /* Build configuration list for PBXNativeTarget "HamiltonTests" */ = {
			isa = XCConfigurationList;
			buildConfigurations = (
				OBJ_24 /* Debug */,
				OBJ_25 /* Release */,
			);
			defaultConfigurationIsVisible = 0;
			defaultConfigurationName = Debug;
		};
		OBJ_32 /* Build configuration list for PBXNativeTarget "Hamilton" */ = {
			isa = XCConfigurationList;
			buildConfigurations = (
				OBJ_33 /* Debug */,
				OBJ_34 /* Release */,
			);
			defaultConfigurationIsVisible = 0;
			defaultConfigurationName = Debug;
		};
		OBJ_39 /* Build configuration list for PBXAggregateTarget "HamiltonPackageTests" */ = {
			isa = XCConfigurationList;
			buildConfigurations = (
				OBJ_40 /* Debug */,
				OBJ_41 /* Release */,
			);
			defaultConfigurationIsVisible = 0;
			defaultConfigurationName = Debug;
		};
/* End XCConfigurationList section */
	};
	rootObject = OBJ_1 /* Project object */;
}
